
Microsoft Visual Studio Solution File, Format Version 12.00
# Visual Studio Version 17
VisualStudioVersion = 17.9.34701.34
MinimumVisualStudioVersion = 10.0.40219.1
Project("{9A19103F-16F7-4668-BE54-9A1E7A4F7556}") = "Task01", "Task01\Task01.csproj", "{77CE3544-5F01-48E2-BB38-C5DD9715E873}"
EndProject
Project("{9A19103F-16F7-4668-BE54-9A1E7A4F7556}") = "Task02", "Task02\Task02.csproj", "{3A7DB7A9-E10C-4B15-99A5-CAE129402272}"
EndProject
Project("{FAE04EC0-301F-11D3-BF4B-00C04F79EFBC}") = "Task03", "Task03\Task03.csproj", "{AFD3053B-83E7-406E-9D57-0101F32DD5DE}"
EndProject
Global
	GlobalSection(SolutionConfigurationPlatforms) = preSolution
		Debug|Any CPU = Debug|Any CPU
		Release|Any CPU = Release|Any CPU
	EndGlobalSection
	GlobalSection(ProjectConfigurationPlatforms) = postSolution
		{77CE3544-5F01-48E2-BB38-C5DD9715E873}.Debug|Any CPU.ActiveCfg = Debug|Any CPU
		{77CE3544-5F01-48E2-BB38-C5DD9715E873}.Debug|Any CPU.Build.0 = Debug|Any CPU
		{77CE3544-5F01-48E2-BB38-C5DD9715E873}.Release|Any CPU.ActiveCfg = Release|Any CPU
		{77CE3544-5F01-48E2-BB38-C5DD9715E873}.Release|Any CPU.Build.0 = Release|Any CPU
		{3A7DB7A9-E10C-4B15-99A5-CAE129402272}.Debug|Any CPU.ActiveCfg = Debug|Any CPU
		{3A7DB7A9-E10C-4B15-99A5-CAE129402272}.Debug|Any CPU.Build.0 = Debug|Any CPU
		{3A7DB7A9-E10C-4B15-99A5-CAE129402272}.Release|Any CPU.ActiveCfg = Release|Any CPU
		{3A7DB7A9-E10C-4B15-99A5-CAE129402272}.Release|Any CPU.Build.0 = Release|Any CPU
		{AFD3053B-83E7-406E-9D57-0101F32DD5DE}.Debug|Any CPU.ActiveCfg = Debug|Any CPU
		{AFD3053B-83E7-406E-9D57-0101F32DD5DE}.Debug|Any CPU.Build.0 = Debug|Any CPU
		{AFD3053B-83E7-406E-9D57-0101F32DD5DE}.Release|Any CPU.ActiveCfg = Release|Any CPU
		{AFD3053B-83E7-406E-9D57-0101F32DD5DE}.Release|Any CPU.Build.0 = Release|Any CPU
	EndGlobalSection
	GlobalSection(SolutionProperties) = preSolution
		HideSolutionNode = FALSE
	EndGlobalSection
	GlobalSection(ExtensibilityGlobals) = postSolution
		SolutionGuid = {1015BDED-41F1-40FA-89F2-1ABC0682967A}
	EndGlobalSection
EndGlobal
