
Microsoft Visual Studio Solution File, Format Version 12.00
# Visual Studio Version 17
VisualStudioVersion = 17.9.34701.34
MinimumVisualStudioVersion = 10.0.40219.1
Project("{FAE04EC0-301F-11D3-BF4B-00C04F79EFBC}") = "EndGame", "EndGame\EndGame.csproj", "{17CA38D0-3C17-4578-B36E-8052B249667B}"
EndProject
Global
	GlobalSection(SolutionConfigurationPlatforms) = preSolution
		Debug|Any CPU = Debug|Any CPU
		Release|Any CPU = Release|Any CPU
	EndGlobalSection
	GlobalSection(ProjectConfigurationPlatforms) = postSolution
		{17CA38D0-3C17-4578-B36E-8052B249667B}.Debug|Any CPU.ActiveCfg = Debug|Any CPU
		{17CA38D0-3C17-4578-B36E-8052B249667B}.Debug|Any CPU.Build.0 = Debug|Any CPU
		{17CA38D0-3C17-4578-B36E-8052B249667B}.Release|Any CPU.ActiveCfg = Release|Any CPU
		{17CA38D0-3C17-4578-B36E-8052B249667B}.Release|Any CPU.Build.0 = Release|Any CPU
	EndGlobalSection
	GlobalSection(SolutionProperties) = preSolution
		HideSolutionNode = FALSE
	EndGlobalSection
	GlobalSection(ExtensibilityGlobals) = postSolution
		SolutionGuid = {414FE872-9F26-4E20-BA37-773FAA3863FB}
	EndGlobalSection
EndGlobal
