
Microsoft Visual Studio Solution File, Format Version 12.00
# Visual Studio Version 17
VisualStudioVersion = 17.9.34622.214
MinimumVisualStudioVersion = 10.0.40219.1
Project("{FAE04EC0-301F-11D3-BF4B-00C04F79EFBC}") = "Task1", "Task1\Task1.csproj", "{2EEEF017-9444-40E2-AA0E-C645918446A1}"
EndProject
Project("{FAE04EC0-301F-11D3-BF4B-00C04F79EFBC}") = "Task2", "Task2\Task2.csproj", "{D266E278-AF22-4DF6-AA0F-5D8874CD51E5}"
EndProject
Global
	GlobalSection(SolutionConfigurationPlatforms) = preSolution
		Debug|Any CPU = Debug|Any CPU
		Release|Any CPU = Release|Any CPU
	EndGlobalSection
	GlobalSection(ProjectConfigurationPlatforms) = postSolution
		{2EEEF017-9444-40E2-AA0E-C645918446A1}.Debug|Any CPU.ActiveCfg = Debug|Any CPU
		{2EEEF017-9444-40E2-AA0E-C645918446A1}.Debug|Any CPU.Build.0 = Debug|Any CPU
		{2EEEF017-9444-40E2-AA0E-C645918446A1}.Release|Any CPU.ActiveCfg = Release|Any CPU
		{2EEEF017-9444-40E2-AA0E-C645918446A1}.Release|Any CPU.Build.0 = Release|Any CPU
		{D266E278-AF22-4DF6-AA0F-5D8874CD51E5}.Debug|Any CPU.ActiveCfg = Debug|Any CPU
		{D266E278-AF22-4DF6-AA0F-5D8874CD51E5}.Debug|Any CPU.Build.0 = Debug|Any CPU
		{D266E278-AF22-4DF6-AA0F-5D8874CD51E5}.Release|Any CPU.ActiveCfg = Release|Any CPU
		{D266E278-AF22-4DF6-AA0F-5D8874CD51E5}.Release|Any CPU.Build.0 = Release|Any CPU
	EndGlobalSection
	GlobalSection(SolutionProperties) = preSolution
		HideSolutionNode = FALSE
	EndGlobalSection
	GlobalSection(ExtensibilityGlobals) = postSolution
		SolutionGuid = {3142CE5B-BCAD-4CBB-B44E-EAD2220FB002}
	EndGlobalSection
EndGlobal
